
Microsoft Visual Studio Solution File, Format Version 12.00
Project("{FAE04EC0-301F-11D3-BF4B-00C04F79EFBC}") = "ServiceBusDeadLettersCleanup", "ServiceBusDeadLettersCleanup.csproj", "{1C456DFA-C992-4F6A-982F-309C1479181A}"
EndProject
Project("{2150E333-8FDC-42A3-9474-1A3956D46DE8}") = "Solution Items", "Solution Items", "{81F4AAC2-AAF7-4AD2-883C-EC22217C01B0}"
	ProjectSection(SolutionItems) = preProject
		docker-compose.yml = docker-compose.yml
		..\.gitignore = ..\.gitignore
	EndProjectSection
EndProject
Project("{FAE04EC0-301F-11D3-BF4B-00C04F79EFBC}") = "ServiceBusDeadLettersCleanup.AppHost", "..\ServiceBusDeadLettersCleanup.AppHost\ServiceBusDeadLettersCleanup.AppHost.csproj", "{E6FD2BB1-E70C-436E-8DFC-212623EA36DE}"
EndProject
Project("{FAE04EC0-301F-11D3-BF4B-00C04F79EFBC}") = "ServiceBusDeadLettersCleanup.ServiceDefaults", "..\ServiceBusDeadLettersCleanup.ServiceDefaults\ServiceBusDeadLettersCleanup.ServiceDefaults.csproj", "{C82E9C35-7601-4138-B7B0-84DB19BED67B}"
EndProject
Global
	GlobalSection(SolutionConfigurationPlatforms) = preSolution
		Debug|Any CPU = Debug|Any CPU
		Debug|x64 = Debug|x64
		Debug|x86 = Debug|x86
		Release|Any CPU = Release|Any CPU
		Release|x64 = Release|x64
		Release|x86 = Release|x86
	EndGlobalSection
	GlobalSection(ProjectConfigurationPlatforms) = postSolution
		{1C456DFA-C992-4F6A-982F-309C1479181A}.Debug|Any CPU.ActiveCfg = Debug|Any CPU
		{1C456DFA-C992-4F6A-982F-309C1479181A}.Debug|Any CPU.Build.0 = Debug|Any CPU
		{1C456DFA-C992-4F6A-982F-309C1479181A}.Debug|x64.ActiveCfg = Debug|Any CPU
		{1C456DFA-C992-4F6A-982F-309C1479181A}.Debug|x64.Build.0 = Debug|Any CPU
		{1C456DFA-C992-4F6A-982F-309C1479181A}.Debug|x86.ActiveCfg = Debug|Any CPU
		{1C456DFA-C992-4F6A-982F-309C1479181A}.Debug|x86.Build.0 = Debug|Any CPU
		{1C456DFA-C992-4F6A-982F-309C1479181A}.Release|Any CPU.ActiveCfg = Release|Any CPU
		{1C456DFA-C992-4F6A-982F-309C1479181A}.Release|Any CPU.Build.0 = Release|Any CPU
		{1C456DFA-C992-4F6A-982F-309C1479181A}.Release|x64.ActiveCfg = Release|Any CPU
		{1C456DFA-C992-4F6A-982F-309C1479181A}.Release|x64.Build.0 = Release|Any CPU
		{1C456DFA-C992-4F6A-982F-309C1479181A}.Release|x86.ActiveCfg = Release|Any CPU
		{1C456DFA-C992-4F6A-982F-309C1479181A}.Release|x86.Build.0 = Release|Any CPU
		{E6FD2BB1-E70C-436E-8DFC-212623EA36DE}.Debug|Any CPU.ActiveCfg = Debug|Any CPU
		{E6FD2BB1-E70C-436E-8DFC-212623EA36DE}.Debug|Any CPU.Build.0 = Debug|Any CPU
		{E6FD2BB1-E70C-436E-8DFC-212623EA36DE}.Debug|x64.ActiveCfg = Debug|Any CPU
		{E6FD2BB1-E70C-436E-8DFC-212623EA36DE}.Debug|x64.Build.0 = Debug|Any CPU
		{E6FD2BB1-E70C-436E-8DFC-212623EA36DE}.Debug|x86.ActiveCfg = Debug|Any CPU
		{E6FD2BB1-E70C-436E-8DFC-212623EA36DE}.Debug|x86.Build.0 = Debug|Any CPU
		{E6FD2BB1-E70C-436E-8DFC-212623EA36DE}.Release|Any CPU.ActiveCfg = Release|Any CPU
		{E6FD2BB1-E70C-436E-8DFC-212623EA36DE}.Release|Any CPU.Build.0 = Release|Any CPU
		{E6FD2BB1-E70C-436E-8DFC-212623EA36DE}.Release|x64.ActiveCfg = Release|Any CPU
		{E6FD2BB1-E70C-436E-8DFC-212623EA36DE}.Release|x64.Build.0 = Release|Any CPU
		{E6FD2BB1-E70C-436E-8DFC-212623EA36DE}.Release|x86.ActiveCfg = Release|Any CPU
		{E6FD2BB1-E70C-436E-8DFC-212623EA36DE}.Release|x86.Build.0 = Release|Any CPU
		{C82E9C35-7601-4138-B7B0-84DB19BED67B}.Debug|Any CPU.ActiveCfg = Debug|Any CPU
		{C82E9C35-7601-4138-B7B0-84DB19BED67B}.Debug|Any CPU.Build.0 = Debug|Any CPU
		{C82E9C35-7601-4138-B7B0-84DB19BED67B}.Debug|x64.ActiveCfg = Debug|Any CPU
		{C82E9C35-7601-4138-B7B0-84DB19BED67B}.Debug|x64.Build.0 = Debug|Any CPU
		{C82E9C35-7601-4138-B7B0-84DB19BED67B}.Debug|x86.ActiveCfg = Debug|Any CPU
		{C82E9C35-7601-4138-B7B0-84DB19BED67B}.Debug|x86.Build.0 = Debug|Any CPU
		{C82E9C35-7601-4138-B7B0-84DB19BED67B}.Release|Any CPU.ActiveCfg = Release|Any CPU
		{C82E9C35-7601-4138-B7B0-84DB19BED67B}.Release|Any CPU.Build.0 = Release|Any CPU
		{C82E9C35-7601-4138-B7B0-84DB19BED67B}.Release|x64.ActiveCfg = Release|Any CPU
		{C82E9C35-7601-4138-B7B0-84DB19BED67B}.Release|x64.Build.0 = Release|Any CPU
		{C82E9C35-7601-4138-B7B0-84DB19BED67B}.Release|x86.ActiveCfg = Release|Any CPU
		{C82E9C35-7601-4138-B7B0-84DB19BED67B}.Release|x86.Build.0 = Release|Any CPU
	EndGlobalSection
	GlobalSection(SolutionProperties) = preSolution
		HideSolutionNode = FALSE
	EndGlobalSection
EndGlobal
